
Microsoft Visual Studio Solution File, Format Version 12.00
# Visual Studio Version 17
VisualStudioVersion = 17.11.35327.3
MinimumVisualStudioVersion = 10.0.40219.1
Project("{9A19103F-16F7-4668-BE54-9A1E7A4F7556}") = "ProductManagement.Web", "ProductManagement.Web\ProductManagement.Web.csproj", "{FFF88152-6D5F-4617-AE78-5BD94E4F7C2C}"
EndProject
Global
	GlobalSection(SolutionConfigurationPlatforms) = preSolution
		Debug|Any CPU = Debug|Any CPU
		Release|Any CPU = Release|Any CPU
	EndGlobalSection
	GlobalSection(ProjectConfigurationPlatforms) = postSolution
		{FFF88152-6D5F-4617-AE78-5BD94E4F7C2C}.Debug|Any CPU.ActiveCfg = Debug|Any CPU
		{FFF88152-6D5F-4617-AE78-5BD94E4F7C2C}.Debug|Any CPU.Build.0 = Debug|Any CPU
		{FFF88152-6D5F-4617-AE78-5BD94E4F7C2C}.Release|Any CPU.ActiveCfg = Release|Any CPU
		{FFF88152-6D5F-4617-AE78-5BD94E4F7C2C}.Release|Any CPU.Build.0 = Release|Any CPU
	EndGlobalSection
	GlobalSection(SolutionProperties) = preSolution
		HideSolutionNode = FALSE
	EndGlobalSection
	GlobalSection(ExtensibilityGlobals) = postSolution
		SolutionGuid = {F5F7C2CF-99A0-446C-8690-2D64C9AF49D6}
	EndGlobalSection
EndGlobal
